
Microsoft Visual Studio Solution File, Format Version 12.00
# Visual Studio Version 17
VisualStudioVersion = 17.11.35219.272
MinimumVisualStudioVersion = 10.0.40219.1
Project("{FAE04EC0-301F-11D3-BF4B-00C04F79EFBC}") = "HallieGearhartA6", "HallieGearhartA6.csproj", "{CCCB3485-44F2-4DDE-9F58-530039ADDF8B}"
EndProject
Global
	GlobalSection(SolutionConfigurationPlatforms) = preSolution
		Debug|Any CPU = Debug|Any CPU
		Release|Any CPU = Release|Any CPU
	EndGlobalSection
	GlobalSection(ProjectConfigurationPlatforms) = postSolution
		{CCCB3485-44F2-4DDE-9F58-530039ADDF8B}.Debug|Any CPU.ActiveCfg = Debug|Any CPU
		{CCCB3485-44F2-4DDE-9F58-530039ADDF8B}.Debug|Any CPU.Build.0 = Debug|Any CPU
		{CCCB3485-44F2-4DDE-9F58-530039ADDF8B}.Release|Any CPU.ActiveCfg = Release|Any CPU
		{CCCB3485-44F2-4DDE-9F58-530039ADDF8B}.Release|Any CPU.Build.0 = Release|Any CPU
	EndGlobalSection
	GlobalSection(SolutionProperties) = preSolution
		HideSolutionNode = FALSE
	EndGlobalSection
	GlobalSection(ExtensibilityGlobals) = postSolution
		SolutionGuid = {EADF8DE4-2C0D-45BA-8C22-FD8653387B6F}
	EndGlobalSection
EndGlobal
